
Microsoft Visual Studio Solution File, Format Version 12.00
# Visual Studio 14
VisualStudioVersion = 14.0.24720.0
MinimumVisualStudioVersion = 10.0.40219.1
Project("{FAE04EC0-301F-11D3-BF4B-00C04F79EFBC}") = "cross5.Droid", "cross5\cross5.Droid\cross5.Droid.csproj", "{1268B2DD-831A-48DA-99C4-E555F195DD00}"
EndProject
Project("{FAE04EC0-301F-11D3-BF4B-00C04F79EFBC}") = "cross5.iOS", "cross5\cross5.iOS\cross5.iOS.csproj", "{5A80D047-DC43-4085-BB07-7FC1A696F989}"
EndProject
Project("{FAE04EC0-301F-11D3-BF4B-00C04F79EFBC}") = "cross5", "cross5\cross5\cross5.csproj", "{4F3ECC45-06C9-4F29-BDA8-E8210E2BD04B}"
EndProject
Project("{8BC9CEB8-8B4A-11D0-8D11-00A0C91BC942}") = "SharedLibrary1.Shared", "SharedLibrary1\SharedLibrary1.Shared\SharedLibrary1.Shared.vcxitems", "{645B1308-A37C-4304-9A04-01625A289984}"
EndProject
Project("{8BC9CEB8-8B4A-11D0-8D11-00A0C91BC942}") = "SharedLibrary1.Android", "SharedLibrary1\SharedLibrary1.Android\SharedLibrary1.Android.vcxproj", "{8D8153A1-7612-455D-A055-F52230F4C45D}"
EndProject
Project("{8BC9CEB8-8B4A-11D0-8D11-00A0C91BC942}") = "SharedLibrary1.iOS", "SharedLibrary1\SharedLibrary1.iOS\SharedLibrary1.iOS.vcxproj", "{EA599388-1F9A-4FF5-B698-2D4E671B7721}"
EndProject
Project("{FAE04EC0-301F-11D3-BF4B-00C04F79EFBC}") = "cs_test", "cs_test\cs_test.csproj", "{76297D9D-73EB-48D7-A74A-A72EFFB78B85}"
EndProject
Global
	GlobalSection(SharedMSBuildProjectFiles) = preSolution
		SharedLibrary1\SharedLibrary1.Shared\SharedLibrary1.Shared.vcxitems*{645b1308-a37c-4304-9a04-01625a289984}*SharedItemsImports = 9
		SharedLibrary1\SharedLibrary1.Shared\SharedLibrary1.Shared.vcxitems*{ea599388-1f9a-4ff5-b698-2d4e671b7721}*SharedItemsImports = 4
		SharedLibrary1\SharedLibrary1.Shared\SharedLibrary1.Shared.vcxitems*{8d8153a1-7612-455d-a055-f52230f4c45d}*SharedItemsImports = 4
	EndGlobalSection
	GlobalSection(SolutionConfigurationPlatforms) = preSolution
		Ad-Hoc|Any CPU = Ad-Hoc|Any CPU
		Ad-Hoc|ARM = Ad-Hoc|ARM
		Ad-Hoc|ARM64 = Ad-Hoc|ARM64
		Ad-Hoc|iPhone = Ad-Hoc|iPhone
		Ad-Hoc|iPhoneSimulator = Ad-Hoc|iPhoneSimulator
		Ad-Hoc|x64 = Ad-Hoc|x64
		Ad-Hoc|x86 = Ad-Hoc|x86
		AppStore|Any CPU = AppStore|Any CPU
		AppStore|ARM = AppStore|ARM
		AppStore|ARM64 = AppStore|ARM64
		AppStore|iPhone = AppStore|iPhone
		AppStore|iPhoneSimulator = AppStore|iPhoneSimulator
		AppStore|x64 = AppStore|x64
		AppStore|x86 = AppStore|x86
		Debug|Any CPU = Debug|Any CPU
		Debug|ARM = Debug|ARM
		Debug|ARM64 = Debug|ARM64
		Debug|iPhone = Debug|iPhone
		Debug|iPhoneSimulator = Debug|iPhoneSimulator
		Debug|x64 = Debug|x64
		Debug|x86 = Debug|x86
		Release|Any CPU = Release|Any CPU
		Release|ARM = Release|ARM
		Release|ARM64 = Release|ARM64
		Release|iPhone = Release|iPhone
		Release|iPhoneSimulator = Release|iPhoneSimulator
		Release|x64 = Release|x64
		Release|x86 = Release|x86
	EndGlobalSection
	GlobalSection(ProjectConfigurationPlatforms) = postSolution
		{1268B2DD-831A-48DA-99C4-E555F195DD00}.Ad-Hoc|Any CPU.ActiveCfg = Release|Any CPU
		{1268B2DD-831A-48DA-99C4-E555F195DD00}.Ad-Hoc|Any CPU.Build.0 = Release|Any CPU
		{1268B2DD-831A-48DA-99C4-E555F195DD00}.Ad-Hoc|Any CPU.Deploy.0 = Release|Any CPU
		{1268B2DD-831A-48DA-99C4-E555F195DD00}.Ad-Hoc|ARM.ActiveCfg = Debug|Any CPU
		{1268B2DD-831A-48DA-99C4-E555F195DD00}.Ad-Hoc|ARM.Build.0 = Debug|Any CPU
		{1268B2DD-831A-48DA-99C4-E555F195DD00}.Ad-Hoc|ARM.Deploy.0 = Debug|Any CPU
		{1268B2DD-831A-48DA-99C4-E555F195DD00}.Ad-Hoc|ARM64.ActiveCfg = Debug|Any CPU
		{1268B2DD-831A-48DA-99C4-E555F195DD00}.Ad-Hoc|ARM64.Build.0 = Debug|Any CPU
		{1268B2DD-831A-48DA-99C4-E555F195DD00}.Ad-Hoc|ARM64.Deploy.0 = Debug|Any CPU
		{1268B2DD-831A-48DA-99C4-E555F195DD00}.Ad-Hoc|iPhone.ActiveCfg = Release|Any CPU
		{1268B2DD-831A-48DA-99C4-E555F195DD00}.Ad-Hoc|iPhone.Build.0 = Release|Any CPU
		{1268B2DD-831A-48DA-99C4-E555F195DD00}.Ad-Hoc|iPhone.Deploy.0 = Release|Any CPU
		{1268B2DD-831A-48DA-99C4-E555F195DD00}.Ad-Hoc|iPhoneSimulator.ActiveCfg = Release|Any CPU
		{1268B2DD-831A-48DA-99C4-E555F195DD00}.Ad-Hoc|iPhoneSimulator.Build.0 = Release|Any CPU
		{1268B2DD-831A-48DA-99C4-E555F195DD00}.Ad-Hoc|iPhoneSimulator.Deploy.0 = Release|Any CPU
		{1268B2DD-831A-48DA-99C4-E555F195DD00}.Ad-Hoc|x64.ActiveCfg = Debug|Any CPU
		{1268B2DD-831A-48DA-99C4-E555F195DD00}.Ad-Hoc|x64.Build.0 = Debug|Any CPU
		{1268B2DD-831A-48DA-99C4-E555F195DD00}.Ad-Hoc|x64.Deploy.0 = Debug|Any CPU
		{1268B2DD-831A-48DA-99C4-E555F195DD00}.Ad-Hoc|x86.ActiveCfg = Debug|Any CPU
		{1268B2DD-831A-48DA-99C4-E555F195DD00}.Ad-Hoc|x86.Build.0 = Debug|Any CPU
		{1268B2DD-831A-48DA-99C4-E555F195DD00}.Ad-Hoc|x86.Deploy.0 = Debug|Any CPU
		{1268B2DD-831A-48DA-99C4-E555F195DD00}.AppStore|Any CPU.ActiveCfg = Release|Any CPU
		{1268B2DD-831A-48DA-99C4-E555F195DD00}.AppStore|Any CPU.Build.0 = Release|Any CPU
		{1268B2DD-831A-48DA-99C4-E555F195DD00}.AppStore|Any CPU.Deploy.0 = Release|Any CPU
		{1268B2DD-831A-48DA-99C4-E555F195DD00}.AppStore|ARM.ActiveCfg = Debug|Any CPU
		{1268B2DD-831A-48DA-99C4-E555F195DD00}.AppStore|ARM.Build.0 = Debug|Any CPU
		{1268B2DD-831A-48DA-99C4-E555F195DD00}.AppStore|ARM.Deploy.0 = Debug|Any CPU
		{1268B2DD-831A-48DA-99C4-E555F195DD00}.AppStore|ARM64.ActiveCfg = Debug|Any CPU
		{1268B2DD-831A-48DA-99C4-E555F195DD00}.AppStore|ARM64.Build.0 = Debug|Any CPU
		{1268B2DD-831A-48DA-99C4-E555F195DD00}.AppStore|ARM64.Deploy.0 = Debug|Any CPU
		{1268B2DD-831A-48DA-99C4-E555F195DD00}.AppStore|iPhone.ActiveCfg = Release|Any CPU
		{1268B2DD-831A-48DA-99C4-E555F195DD00}.AppStore|iPhone.Build.0 = Release|Any CPU
		{1268B2DD-831A-48DA-99C4-E555F195DD00}.AppStore|iPhone.Deploy.0 = Release|Any CPU
		{1268B2DD-831A-48DA-99C4-E555F195DD00}.AppStore|iPhoneSimulator.ActiveCfg = Release|Any CPU
		{1268B2DD-831A-48DA-99C4-E555F195DD00}.AppStore|iPhoneSimulator.Build.0 = Release|Any CPU
		{1268B2DD-831A-48DA-99C4-E555F195DD00}.AppStore|iPhoneSimulator.Deploy.0 = Release|Any CPU
		{1268B2DD-831A-48DA-99C4-E555F195DD00}.AppStore|x64.ActiveCfg = Debug|Any CPU
		{1268B2DD-831A-48DA-99C4-E555F195DD00}.AppStore|x64.Build.0 = Debug|Any CPU
		{1268B2DD-831A-48DA-99C4-E555F195DD00}.AppStore|x64.Deploy.0 = Debug|Any CPU
		{1268B2DD-831A-48DA-99C4-E555F195DD00}.AppStore|x86.ActiveCfg = Debug|Any CPU
		{1268B2DD-831A-48DA-99C4-E555F195DD00}.AppStore|x86.Build.0 = Debug|Any CPU
		{1268B2DD-831A-48DA-99C4-E555F195DD00}.AppStore|x86.Deploy.0 = Debug|Any CPU
		{1268B2DD-831A-48DA-99C4-E555F195DD00}.Debug|Any CPU.ActiveCfg = Debug|Any CPU
		{1268B2DD-831A-48DA-99C4-E555F195DD00}.Debug|Any CPU.Build.0 = Debug|Any CPU
		{1268B2DD-831A-48DA-99C4-E555F195DD00}.Debug|Any CPU.Deploy.0 = Debug|Any CPU
		{1268B2DD-831A-48DA-99C4-E555F195DD00}.Debug|ARM.ActiveCfg = Debug|Any CPU
		{1268B2DD-831A-48DA-99C4-E555F195DD00}.Debug|ARM.Build.0 = Debug|Any CPU
		{1268B2DD-831A-48DA-99C4-E555F195DD00}.Debug|ARM.Deploy.0 = Debug|Any CPU
		{1268B2DD-831A-48DA-99C4-E555F195DD00}.Debug|ARM64.ActiveCfg = Debug|Any CPU
		{1268B2DD-831A-48DA-99C4-E555F195DD00}.Debug|ARM64.Build.0 = Debug|Any CPU
		{1268B2DD-831A-48DA-99C4-E555F195DD00}.Debug|ARM64.Deploy.0 = Debug|Any CPU
		{1268B2DD-831A-48DA-99C4-E555F195DD00}.Debug|iPhone.ActiveCfg = Debug|Any CPU
		{1268B2DD-831A-48DA-99C4-E555F195DD00}.Debug|iPhone.Build.0 = Debug|Any CPU
		{1268B2DD-831A-48DA-99C4-E555F195DD00}.Debug|iPhone.Deploy.0 = Debug|Any CPU
		{1268B2DD-831A-48DA-99C4-E555F195DD00}.Debug|iPhoneSimulator.ActiveCfg = Debug|Any CPU
		{1268B2DD-831A-48DA-99C4-E555F195DD00}.Debug|iPhoneSimulator.Build.0 = Debug|Any CPU
		{1268B2DD-831A-48DA-99C4-E555F195DD00}.Debug|iPhoneSimulator.Deploy.0 = Debug|Any CPU
		{1268B2DD-831A-48DA-99C4-E555F195DD00}.Debug|x64.ActiveCfg = Debug|Any CPU
		{1268B2DD-831A-48DA-99C4-E555F195DD00}.Debug|x64.Build.0 = Debug|Any CPU
		{1268B2DD-831A-48DA-99C4-E555F195DD00}.Debug|x64.Deploy.0 = Debug|Any CPU
		{1268B2DD-831A-48DA-99C4-E555F195DD00}.Debug|x86.ActiveCfg = Debug|Any CPU
		{1268B2DD-831A-48DA-99C4-E555F195DD00}.Debug|x86.Build.0 = Debug|Any CPU
		{1268B2DD-831A-48DA-99C4-E555F195DD00}.Debug|x86.Deploy.0 = Debug|Any CPU
		{1268B2DD-831A-48DA-99C4-E555F195DD00}.Release|Any CPU.ActiveCfg = Release|Any CPU
		{1268B2DD-831A-48DA-99C4-E555F195DD00}.Release|Any CPU.Build.0 = Release|Any CPU
		{1268B2DD-831A-48DA-99C4-E555F195DD00}.Release|Any CPU.Deploy.0 = Release|Any CPU
		{1268B2DD-831A-48DA-99C4-E555F195DD00}.Release|ARM.ActiveCfg = Release|Any CPU
		{1268B2DD-831A-48DA-99C4-E555F195DD00}.Release|ARM.Build.0 = Release|Any CPU
		{1268B2DD-831A-48DA-99C4-E555F195DD00}.Release|ARM.Deploy.0 = Release|Any CPU
		{1268B2DD-831A-48DA-99C4-E555F195DD00}.Release|ARM64.ActiveCfg = Release|Any CPU
		{1268B2DD-831A-48DA-99C4-E555F195DD00}.Release|ARM64.Build.0 = Release|Any CPU
		{1268B2DD-831A-48DA-99C4-E555F195DD00}.Release|ARM64.Deploy.0 = Release|Any CPU
		{1268B2DD-831A-48DA-99C4-E555F195DD00}.Release|iPhone.ActiveCfg = Release|Any CPU
		{1268B2DD-831A-48DA-99C4-E555F195DD00}.Release|iPhone.Build.0 = Release|Any CPU
		{1268B2DD-831A-48DA-99C4-E555F195DD00}.Release|iPhone.Deploy.0 = Release|Any CPU
		{1268B2DD-831A-48DA-99C4-E555F195DD00}.Release|iPhoneSimulator.ActiveCfg = Release|Any CPU
		{1268B2DD-831A-48DA-99C4-E555F195DD00}.Release|iPhoneSimulator.Build.0 = Release|Any CPU
		{1268B2DD-831A-48DA-99C4-E555F195DD00}.Release|iPhoneSimulator.Deploy.0 = Release|Any CPU
		{1268B2DD-831A-48DA-99C4-E555F195DD00}.Release|x64.ActiveCfg = Release|Any CPU
		{1268B2DD-831A-48DA-99C4-E555F195DD00}.Release|x64.Build.0 = Release|Any CPU
		{1268B2DD-831A-48DA-99C4-E555F195DD00}.Release|x64.Deploy.0 = Release|Any CPU
		{1268B2DD-831A-48DA-99C4-E555F195DD00}.Release|x86.ActiveCfg = Release|Any CPU
		{1268B2DD-831A-48DA-99C4-E555F195DD00}.Release|x86.Build.0 = Release|Any CPU
		{1268B2DD-831A-48DA-99C4-E555F195DD00}.Release|x86.Deploy.0 = Release|Any CPU
		{5A80D047-DC43-4085-BB07-7FC1A696F989}.Ad-Hoc|Any CPU.ActiveCfg = Ad-Hoc|iPhone
		{5A80D047-DC43-4085-BB07-7FC1A696F989}.Ad-Hoc|ARM.ActiveCfg = Ad-Hoc|iPhoneSimulator
		{5A80D047-DC43-4085-BB07-7FC1A696F989}.Ad-Hoc|ARM64.ActiveCfg = Ad-Hoc|iPhoneSimulator
		{5A80D047-DC43-4085-BB07-7FC1A696F989}.Ad-Hoc|iPhone.ActiveCfg = Ad-Hoc|iPhone
		{5A80D047-DC43-4085-BB07-7FC1A696F989}.Ad-Hoc|iPhone.Build.0 = Ad-Hoc|iPhone
		{5A80D047-DC43-4085-BB07-7FC1A696F989}.Ad-Hoc|iPhoneSimulator.ActiveCfg = Ad-Hoc|iPhoneSimulator
		{5A80D047-DC43-4085-BB07-7FC1A696F989}.Ad-Hoc|iPhoneSimulator.Build.0 = Ad-Hoc|iPhoneSimulator
		{5A80D047-DC43-4085-BB07-7FC1A696F989}.Ad-Hoc|x64.ActiveCfg = Ad-Hoc|iPhoneSimulator
		{5A80D047-DC43-4085-BB07-7FC1A696F989}.Ad-Hoc|x86.ActiveCfg = Ad-Hoc|iPhoneSimulator
		{5A80D047-DC43-4085-BB07-7FC1A696F989}.AppStore|Any CPU.ActiveCfg = AppStore|iPhone
		{5A80D047-DC43-4085-BB07-7FC1A696F989}.AppStore|ARM.ActiveCfg = AppStore|iPhoneSimulator
		{5A80D047-DC43-4085-BB07-7FC1A696F989}.AppStore|ARM64.ActiveCfg = AppStore|iPhoneSimulator
		{5A80D047-DC43-4085-BB07-7FC1A696F989}.AppStore|iPhone.ActiveCfg = AppStore|iPhone
		{5A80D047-DC43-4085-BB07-7FC1A696F989}.AppStore|iPhone.Build.0 = AppStore|iPhone
		{5A80D047-DC43-4085-BB07-7FC1A696F989}.AppStore|iPhoneSimulator.ActiveCfg = AppStore|iPhoneSimulator
		{5A80D047-DC43-4085-BB07-7FC1A696F989}.AppStore|iPhoneSimulator.Build.0 = AppStore|iPhoneSimulator
		{5A80D047-DC43-4085-BB07-7FC1A696F989}.AppStore|x64.ActiveCfg = AppStore|iPhoneSimulator
		{5A80D047-DC43-4085-BB07-7FC1A696F989}.AppStore|x86.ActiveCfg = AppStore|iPhoneSimulator
		{5A80D047-DC43-4085-BB07-7FC1A696F989}.Debug|Any CPU.ActiveCfg = Debug|iPhone
		{5A80D047-DC43-4085-BB07-7FC1A696F989}.Debug|ARM.ActiveCfg = Debug|iPhoneSimulator
		{5A80D047-DC43-4085-BB07-7FC1A696F989}.Debug|ARM64.ActiveCfg = Debug|iPhoneSimulator
		{5A80D047-DC43-4085-BB07-7FC1A696F989}.Debug|iPhone.ActiveCfg = Debug|iPhone
		{5A80D047-DC43-4085-BB07-7FC1A696F989}.Debug|iPhone.Build.0 = Debug|iPhone
		{5A80D047-DC43-4085-BB07-7FC1A696F989}.Debug|iPhoneSimulator.ActiveCfg = Debug|iPhoneSimulator
		{5A80D047-DC43-4085-BB07-7FC1A696F989}.Debug|iPhoneSimulator.Build.0 = Debug|iPhoneSimulator
		{5A80D047-DC43-4085-BB07-7FC1A696F989}.Debug|x64.ActiveCfg = Debug|iPhoneSimulator
		{5A80D047-DC43-4085-BB07-7FC1A696F989}.Debug|x86.ActiveCfg = Debug|iPhoneSimulator
		{5A80D047-DC43-4085-BB07-7FC1A696F989}.Release|Any CPU.ActiveCfg = Release|iPhone
		{5A80D047-DC43-4085-BB07-7FC1A696F989}.Release|ARM.ActiveCfg = Release|iPhoneSimulator
		{5A80D047-DC43-4085-BB07-7FC1A696F989}.Release|ARM64.ActiveCfg = Release|iPhoneSimulator
		{5A80D047-DC43-4085-BB07-7FC1A696F989}.Release|iPhone.ActiveCfg = Release|iPhone
		{5A80D047-DC43-4085-BB07-7FC1A696F989}.Release|iPhone.Build.0 = Release|iPhone
		{5A80D047-DC43-4085-BB07-7FC1A696F989}.Release|iPhoneSimulator.ActiveCfg = Release|iPhoneSimulator
		{5A80D047-DC43-4085-BB07-7FC1A696F989}.Release|iPhoneSimulator.Build.0 = Release|iPhoneSimulator
		{5A80D047-DC43-4085-BB07-7FC1A696F989}.Release|x64.ActiveCfg = Release|iPhoneSimulator
		{5A80D047-DC43-4085-BB07-7FC1A696F989}.Release|x86.ActiveCfg = Release|iPhoneSimulator
		{4F3ECC45-06C9-4F29-BDA8-E8210E2BD04B}.Ad-Hoc|Any CPU.ActiveCfg = Release|Any CPU
		{4F3ECC45-06C9-4F29-BDA8-E8210E2BD04B}.Ad-Hoc|Any CPU.Build.0 = Release|Any CPU
		{4F3ECC45-06C9-4F29-BDA8-E8210E2BD04B}.Ad-Hoc|ARM.ActiveCfg = Debug|Any CPU
		{4F3ECC45-06C9-4F29-BDA8-E8210E2BD04B}.Ad-Hoc|ARM.Build.0 = Debug|Any CPU
		{4F3ECC45-06C9-4F29-BDA8-E8210E2BD04B}.Ad-Hoc|ARM64.ActiveCfg = Debug|Any CPU
		{4F3ECC45-06C9-4F29-BDA8-E8210E2BD04B}.Ad-Hoc|ARM64.Build.0 = Debug|Any CPU
		{4F3ECC45-06C9-4F29-BDA8-E8210E2BD04B}.Ad-Hoc|iPhone.ActiveCfg = Release|Any CPU
		{4F3ECC45-06C9-4F29-BDA8-E8210E2BD04B}.Ad-Hoc|iPhone.Build.0 = Release|Any CPU
		{4F3ECC45-06C9-4F29-BDA8-E8210E2BD04B}.Ad-Hoc|iPhoneSimulator.ActiveCfg = Release|Any CPU
		{4F3ECC45-06C9-4F29-BDA8-E8210E2BD04B}.Ad-Hoc|iPhoneSimulator.Build.0 = Release|Any CPU
		{4F3ECC45-06C9-4F29-BDA8-E8210E2BD04B}.Ad-Hoc|x64.ActiveCfg = Debug|Any CPU
		{4F3ECC45-06C9-4F29-BDA8-E8210E2BD04B}.Ad-Hoc|x64.Build.0 = Debug|Any CPU
		{4F3ECC45-06C9-4F29-BDA8-E8210E2BD04B}.Ad-Hoc|x86.ActiveCfg = Debug|Any CPU
		{4F3ECC45-06C9-4F29-BDA8-E8210E2BD04B}.Ad-Hoc|x86.Build.0 = Debug|Any CPU
		{4F3ECC45-06C9-4F29-BDA8-E8210E2BD04B}.AppStore|Any CPU.ActiveCfg = Release|Any CPU
		{4F3ECC45-06C9-4F29-BDA8-E8210E2BD04B}.AppStore|Any CPU.Build.0 = Release|Any CPU
		{4F3ECC45-06C9-4F29-BDA8-E8210E2BD04B}.AppStore|ARM.ActiveCfg = Debug|Any CPU
		{4F3ECC45-06C9-4F29-BDA8-E8210E2BD04B}.AppStore|ARM.Build.0 = Debug|Any CPU
		{4F3ECC45-06C9-4F29-BDA8-E8210E2BD04B}.AppStore|ARM64.ActiveCfg = Debug|Any CPU
		{4F3ECC45-06C9-4F29-BDA8-E8210E2BD04B}.AppStore|ARM64.Build.0 = Debug|Any CPU
		{4F3ECC45-06C9-4F29-BDA8-E8210E2BD04B}.AppStore|iPhone.ActiveCfg = Release|Any CPU
		{4F3ECC45-06C9-4F29-BDA8-E8210E2BD04B}.AppStore|iPhone.Build.0 = Release|Any CPU
		{4F3ECC45-06C9-4F29-BDA8-E8210E2BD04B}.AppStore|iPhoneSimulator.ActiveCfg = Release|Any CPU
		{4F3ECC45-06C9-4F29-BDA8-E8210E2BD04B}.AppStore|iPhoneSimulator.Build.0 = Release|Any CPU
		{4F3ECC45-06C9-4F29-BDA8-E8210E2BD04B}.AppStore|x64.ActiveCfg = Debug|Any CPU
		{4F3ECC45-06C9-4F29-BDA8-E8210E2BD04B}.AppStore|x64.Build.0 = Debug|Any CPU
		{4F3ECC45-06C9-4F29-BDA8-E8210E2BD04B}.AppStore|x86.ActiveCfg = Debug|Any CPU
		{4F3ECC45-06C9-4F29-BDA8-E8210E2BD04B}.AppStore|x86.Build.0 = Debug|Any CPU
		{4F3ECC45-06C9-4F29-BDA8-E8210E2BD04B}.Debug|Any CPU.ActiveCfg = Debug|Any CPU
		{4F3ECC45-06C9-4F29-BDA8-E8210E2BD04B}.Debug|Any CPU.Build.0 = Debug|Any CPU
		{4F3ECC45-06C9-4F29-BDA8-E8210E2BD04B}.Debug|ARM.ActiveCfg = Debug|Any CPU
		{4F3ECC45-06C9-4F29-BDA8-E8210E2BD04B}.Debug|ARM.Build.0 = Debug|Any CPU
		{4F3ECC45-06C9-4F29-BDA8-E8210E2BD04B}.Debug|ARM64.ActiveCfg = Debug|Any CPU
		{4F3ECC45-06C9-4F29-BDA8-E8210E2BD04B}.Debug|ARM64.Build.0 = Debug|Any CPU
		{4F3ECC45-06C9-4F29-BDA8-E8210E2BD04B}.Debug|iPhone.ActiveCfg = Debug|Any CPU
		{4F3ECC45-06C9-4F29-BDA8-E8210E2BD04B}.Debug|iPhone.Build.0 = Debug|Any CPU
		{4F3ECC45-06C9-4F29-BDA8-E8210E2BD04B}.Debug|iPhoneSimulator.ActiveCfg = Debug|Any CPU
		{4F3ECC45-06C9-4F29-BDA8-E8210E2BD04B}.Debug|iPhoneSimulator.Build.0 = Debug|Any CPU
		{4F3ECC45-06C9-4F29-BDA8-E8210E2BD04B}.Debug|x64.ActiveCfg = Debug|Any CPU
		{4F3ECC45-06C9-4F29-BDA8-E8210E2BD04B}.Debug|x64.Build.0 = Debug|Any CPU
		{4F3ECC45-06C9-4F29-BDA8-E8210E2BD04B}.Debug|x86.ActiveCfg = Debug|Any CPU
		{4F3ECC45-06C9-4F29-BDA8-E8210E2BD04B}.Debug|x86.Build.0 = Debug|Any CPU
		{4F3ECC45-06C9-4F29-BDA8-E8210E2BD04B}.Release|Any CPU.ActiveCfg = Release|Any CPU
		{4F3ECC45-06C9-4F29-BDA8-E8210E2BD04B}.Release|Any CPU.Build.0 = Release|Any CPU
		{4F3ECC45-06C9-4F29-BDA8-E8210E2BD04B}.Release|ARM.ActiveCfg = Release|Any CPU
		{4F3ECC45-06C9-4F29-BDA8-E8210E2BD04B}.Release|ARM.Build.0 = Release|Any CPU
		{4F3ECC45-06C9-4F29-BDA8-E8210E2BD04B}.Release|ARM64.ActiveCfg = Release|Any CPU
		{4F3ECC45-06C9-4F29-BDA8-E8210E2BD04B}.Release|ARM64.Build.0 = Release|Any CPU
		{4F3ECC45-06C9-4F29-BDA8-E8210E2BD04B}.Release|iPhone.ActiveCfg = Release|Any CPU
		{4F3ECC45-06C9-4F29-BDA8-E8210E2BD04B}.Release|iPhone.Build.0 = Release|Any CPU
		{4F3ECC45-06C9-4F29-BDA8-E8210E2BD04B}.Release|iPhoneSimulator.ActiveCfg = Release|Any CPU
		{4F3ECC45-06C9-4F29-BDA8-E8210E2BD04B}.Release|iPhoneSimulator.Build.0 = Release|Any CPU
		{4F3ECC45-06C9-4F29-BDA8-E8210E2BD04B}.Release|x64.ActiveCfg = Release|Any CPU
		{4F3ECC45-06C9-4F29-BDA8-E8210E2BD04B}.Release|x64.Build.0 = Release|Any CPU
		{4F3ECC45-06C9-4F29-BDA8-E8210E2BD04B}.Release|x86.ActiveCfg = Release|Any CPU
		{4F3ECC45-06C9-4F29-BDA8-E8210E2BD04B}.Release|x86.Build.0 = Release|Any CPU
		{8D8153A1-7612-455D-A055-F52230F4C45D}.Ad-Hoc|Any CPU.ActiveCfg = Release|x86
		{8D8153A1-7612-455D-A055-F52230F4C45D}.Ad-Hoc|Any CPU.Build.0 = Release|x86
		{8D8153A1-7612-455D-A055-F52230F4C45D}.Ad-Hoc|ARM.ActiveCfg = Release|ARM
		{8D8153A1-7612-455D-A055-F52230F4C45D}.Ad-Hoc|ARM.Build.0 = Release|ARM
		{8D8153A1-7612-455D-A055-F52230F4C45D}.Ad-Hoc|ARM64.ActiveCfg = Release|ARM64
		{8D8153A1-7612-455D-A055-F52230F4C45D}.Ad-Hoc|ARM64.Build.0 = Release|ARM64
		{8D8153A1-7612-455D-A055-F52230F4C45D}.Ad-Hoc|iPhone.ActiveCfg = Release|x86
		{8D8153A1-7612-455D-A055-F52230F4C45D}.Ad-Hoc|iPhone.Build.0 = Release|x86
		{8D8153A1-7612-455D-A055-F52230F4C45D}.Ad-Hoc|iPhoneSimulator.ActiveCfg = Release|x86
		{8D8153A1-7612-455D-A055-F52230F4C45D}.Ad-Hoc|iPhoneSimulator.Build.0 = Release|x86
		{8D8153A1-7612-455D-A055-F52230F4C45D}.Ad-Hoc|x64.ActiveCfg = Release|x64
		{8D8153A1-7612-455D-A055-F52230F4C45D}.Ad-Hoc|x64.Build.0 = Release|x64
		{8D8153A1-7612-455D-A055-F52230F4C45D}.Ad-Hoc|x86.ActiveCfg = Release|x86
		{8D8153A1-7612-455D-A055-F52230F4C45D}.Ad-Hoc|x86.Build.0 = Release|x86
		{8D8153A1-7612-455D-A055-F52230F4C45D}.AppStore|Any CPU.ActiveCfg = Release|x86
		{8D8153A1-7612-455D-A055-F52230F4C45D}.AppStore|Any CPU.Build.0 = Release|x86
		{8D8153A1-7612-455D-A055-F52230F4C45D}.AppStore|ARM.ActiveCfg = Release|ARM
		{8D8153A1-7612-455D-A055-F52230F4C45D}.AppStore|ARM.Build.0 = Release|ARM
		{8D8153A1-7612-455D-A055-F52230F4C45D}.AppStore|ARM64.ActiveCfg = Release|ARM64
		{8D8153A1-7612-455D-A055-F52230F4C45D}.AppStore|ARM64.Build.0 = Release|ARM64
		{8D8153A1-7612-455D-A055-F52230F4C45D}.AppStore|iPhone.ActiveCfg = Release|x86
		{8D8153A1-7612-455D-A055-F52230F4C45D}.AppStore|iPhone.Build.0 = Release|x86
		{8D8153A1-7612-455D-A055-F52230F4C45D}.AppStore|iPhoneSimulator.ActiveCfg = Release|x86
		{8D8153A1-7612-455D-A055-F52230F4C45D}.AppStore|iPhoneSimulator.Build.0 = Release|x86
		{8D8153A1-7612-455D-A055-F52230F4C45D}.AppStore|x64.ActiveCfg = Release|x64
		{8D8153A1-7612-455D-A055-F52230F4C45D}.AppStore|x64.Build.0 = Release|x64
		{8D8153A1-7612-455D-A055-F52230F4C45D}.AppStore|x86.ActiveCfg = Release|x86
		{8D8153A1-7612-455D-A055-F52230F4C45D}.AppStore|x86.Build.0 = Release|x86
		{8D8153A1-7612-455D-A055-F52230F4C45D}.Debug|Any CPU.ActiveCfg = Debug|x86
		{8D8153A1-7612-455D-A055-F52230F4C45D}.Debug|ARM.ActiveCfg = Debug|ARM
		{8D8153A1-7612-455D-A055-F52230F4C45D}.Debug|ARM.Build.0 = Debug|ARM
		{8D8153A1-7612-455D-A055-F52230F4C45D}.Debug|ARM64.ActiveCfg = Debug|ARM64
		{8D8153A1-7612-455D-A055-F52230F4C45D}.Debug|ARM64.Build.0 = Debug|ARM64
		{8D8153A1-7612-455D-A055-F52230F4C45D}.Debug|iPhone.ActiveCfg = Debug|x86
		{8D8153A1-7612-455D-A055-F52230F4C45D}.Debug|iPhoneSimulator.ActiveCfg = Debug|x86
		{8D8153A1-7612-455D-A055-F52230F4C45D}.Debug|x64.ActiveCfg = Debug|x64
		{8D8153A1-7612-455D-A055-F52230F4C45D}.Debug|x64.Build.0 = Debug|x64
		{8D8153A1-7612-455D-A055-F52230F4C45D}.Debug|x86.ActiveCfg = Debug|x86
		{8D8153A1-7612-455D-A055-F52230F4C45D}.Debug|x86.Build.0 = Debug|x86
		{8D8153A1-7612-455D-A055-F52230F4C45D}.Release|Any CPU.ActiveCfg = Release|x86
		{8D8153A1-7612-455D-A055-F52230F4C45D}.Release|ARM.ActiveCfg = Release|ARM
		{8D8153A1-7612-455D-A055-F52230F4C45D}.Release|ARM.Build.0 = Release|ARM
		{8D8153A1-7612-455D-A055-F52230F4C45D}.Release|ARM64.ActiveCfg = Release|ARM64
		{8D8153A1-7612-455D-A055-F52230F4C45D}.Release|ARM64.Build.0 = Release|ARM64
		{8D8153A1-7612-455D-A055-F52230F4C45D}.Release|iPhone.ActiveCfg = Release|x86
		{8D8153A1-7612-455D-A055-F52230F4C45D}.Release|iPhoneSimulator.ActiveCfg = Release|x86
		{8D8153A1-7612-455D-A055-F52230F4C45D}.Release|x64.ActiveCfg = Release|x64
		{8D8153A1-7612-455D-A055-F52230F4C45D}.Release|x64.Build.0 = Release|x64
		{8D8153A1-7612-455D-A055-F52230F4C45D}.Release|x86.ActiveCfg = Release|x86
		{8D8153A1-7612-455D-A055-F52230F4C45D}.Release|x86.Build.0 = Release|x86
		{EA599388-1F9A-4FF5-B698-2D4E671B7721}.Ad-Hoc|Any CPU.ActiveCfg = Release|x86
		{EA599388-1F9A-4FF5-B698-2D4E671B7721}.Ad-Hoc|Any CPU.Build.0 = Release|x86
		{EA599388-1F9A-4FF5-B698-2D4E671B7721}.Ad-Hoc|ARM.ActiveCfg = Release|ARM
		{EA599388-1F9A-4FF5-B698-2D4E671B7721}.Ad-Hoc|ARM.Build.0 = Release|ARM
		{EA599388-1F9A-4FF5-B698-2D4E671B7721}.Ad-Hoc|ARM64.ActiveCfg = Release|ARM64
		{EA599388-1F9A-4FF5-B698-2D4E671B7721}.Ad-Hoc|ARM64.Build.0 = Release|ARM64
		{EA599388-1F9A-4FF5-B698-2D4E671B7721}.Ad-Hoc|iPhone.ActiveCfg = Release|x86
		{EA599388-1F9A-4FF5-B698-2D4E671B7721}.Ad-Hoc|iPhone.Build.0 = Release|x86
		{EA599388-1F9A-4FF5-B698-2D4E671B7721}.Ad-Hoc|iPhoneSimulator.ActiveCfg = Release|x86
		{EA599388-1F9A-4FF5-B698-2D4E671B7721}.Ad-Hoc|iPhoneSimulator.Build.0 = Release|x86
		{EA599388-1F9A-4FF5-B698-2D4E671B7721}.Ad-Hoc|x64.ActiveCfg = Release|x64
		{EA599388-1F9A-4FF5-B698-2D4E671B7721}.Ad-Hoc|x64.Build.0 = Release|x64
		{EA599388-1F9A-4FF5-B698-2D4E671B7721}.Ad-Hoc|x86.ActiveCfg = Release|x86
		{EA599388-1F9A-4FF5-B698-2D4E671B7721}.Ad-Hoc|x86.Build.0 = Release|x86
		{EA599388-1F9A-4FF5-B698-2D4E671B7721}.AppStore|Any CPU.ActiveCfg = Release|x86
		{EA599388-1F9A-4FF5-B698-2D4E671B7721}.AppStore|Any CPU.Build.0 = Release|x86
		{EA599388-1F9A-4FF5-B698-2D4E671B7721}.AppStore|ARM.ActiveCfg = Release|ARM
		{EA599388-1F9A-4FF5-B698-2D4E671B7721}.AppStore|ARM.Build.0 = Release|ARM
		{EA599388-1F9A-4FF5-B698-2D4E671B7721}.AppStore|ARM64.ActiveCfg = Release|ARM64
		{EA599388-1F9A-4FF5-B698-2D4E671B7721}.AppStore|ARM64.Build.0 = Release|ARM64
		{EA599388-1F9A-4FF5-B698-2D4E671B7721}.AppStore|iPhone.ActiveCfg = Release|x86
		{EA599388-1F9A-4FF5-B698-2D4E671B7721}.AppStore|iPhone.Build.0 = Release|x86
		{EA599388-1F9A-4FF5-B698-2D4E671B7721}.AppStore|iPhoneSimulator.ActiveCfg = Release|x86
		{EA599388-1F9A-4FF5-B698-2D4E671B7721}.AppStore|iPhoneSimulator.Build.0 = Release|x86
		{EA599388-1F9A-4FF5-B698-2D4E671B7721}.AppStore|x64.ActiveCfg = Release|x64
		{EA599388-1F9A-4FF5-B698-2D4E671B7721}.AppStore|x64.Build.0 = Release|x64
		{EA599388-1F9A-4FF5-B698-2D4E671B7721}.AppStore|x86.ActiveCfg = Release|x86
		{EA599388-1F9A-4FF5-B698-2D4E671B7721}.AppStore|x86.Build.0 = Release|x86
		{EA599388-1F9A-4FF5-B698-2D4E671B7721}.Debug|Any CPU.ActiveCfg = Debug|x86
		{EA599388-1F9A-4FF5-B698-2D4E671B7721}.Debug|ARM.ActiveCfg = Debug|ARM
		{EA599388-1F9A-4FF5-B698-2D4E671B7721}.Debug|ARM.Build.0 = Debug|ARM
		{EA599388-1F9A-4FF5-B698-2D4E671B7721}.Debug|ARM64.ActiveCfg = Debug|ARM64
		{EA599388-1F9A-4FF5-B698-2D4E671B7721}.Debug|ARM64.Build.0 = Debug|ARM64
		{EA599388-1F9A-4FF5-B698-2D4E671B7721}.Debug|iPhone.ActiveCfg = Debug|x86
		{EA599388-1F9A-4FF5-B698-2D4E671B7721}.Debug|iPhoneSimulator.ActiveCfg = Debug|x86
		{EA599388-1F9A-4FF5-B698-2D4E671B7721}.Debug|x64.ActiveCfg = Debug|x64
		{EA599388-1F9A-4FF5-B698-2D4E671B7721}.Debug|x64.Build.0 = Debug|x64
		{EA599388-1F9A-4FF5-B698-2D4E671B7721}.Debug|x86.ActiveCfg = Debug|x86
		{EA599388-1F9A-4FF5-B698-2D4E671B7721}.Debug|x86.Build.0 = Debug|x86
		{EA599388-1F9A-4FF5-B698-2D4E671B7721}.Release|Any CPU.ActiveCfg = Release|x86
		{EA599388-1F9A-4FF5-B698-2D4E671B7721}.Release|ARM.ActiveCfg = Release|ARM
		{EA599388-1F9A-4FF5-B698-2D4E671B7721}.Release|ARM.Build.0 = Release|ARM
		{EA599388-1F9A-4FF5-B698-2D4E671B7721}.Release|ARM64.ActiveCfg = Release|ARM64
		{EA599388-1F9A-4FF5-B698-2D4E671B7721}.Release|ARM64.Build.0 = Release|ARM64
		{EA599388-1F9A-4FF5-B698-2D4E671B7721}.Release|iPhone.ActiveCfg = Release|x86
		{EA599388-1F9A-4FF5-B698-2D4E671B7721}.Release|iPhoneSimulator.ActiveCfg = Release|x86
		{EA599388-1F9A-4FF5-B698-2D4E671B7721}.Release|x64.ActiveCfg = Release|x64
		{EA599388-1F9A-4FF5-B698-2D4E671B7721}.Release|x64.Build.0 = Release|x64
		{EA599388-1F9A-4FF5-B698-2D4E671B7721}.Release|x86.ActiveCfg = Release|x86
		{EA599388-1F9A-4FF5-B698-2D4E671B7721}.Release|x86.Build.0 = Release|x86
		{76297D9D-73EB-48D7-A74A-A72EFFB78B85}.Ad-Hoc|Any CPU.ActiveCfg = Release|Any CPU
		{76297D9D-73EB-48D7-A74A-A72EFFB78B85}.Ad-Hoc|Any CPU.Build.0 = Release|Any CPU
		{76297D9D-73EB-48D7-A74A-A72EFFB78B85}.Ad-Hoc|ARM.ActiveCfg = Release|Any CPU
		{76297D9D-73EB-48D7-A74A-A72EFFB78B85}.Ad-Hoc|ARM.Build.0 = Release|Any CPU
		{76297D9D-73EB-48D7-A74A-A72EFFB78B85}.Ad-Hoc|ARM64.ActiveCfg = Release|Any CPU
		{76297D9D-73EB-48D7-A74A-A72EFFB78B85}.Ad-Hoc|ARM64.Build.0 = Release|Any CPU
		{76297D9D-73EB-48D7-A74A-A72EFFB78B85}.Ad-Hoc|iPhone.ActiveCfg = Release|Any CPU
		{76297D9D-73EB-48D7-A74A-A72EFFB78B85}.Ad-Hoc|iPhone.Build.0 = Release|Any CPU
		{76297D9D-73EB-48D7-A74A-A72EFFB78B85}.Ad-Hoc|iPhoneSimulator.ActiveCfg = Release|Any CPU
		{76297D9D-73EB-48D7-A74A-A72EFFB78B85}.Ad-Hoc|iPhoneSimulator.Build.0 = Release|Any CPU
		{76297D9D-73EB-48D7-A74A-A72EFFB78B85}.Ad-Hoc|x64.ActiveCfg = Release|Any CPU
		{76297D9D-73EB-48D7-A74A-A72EFFB78B85}.Ad-Hoc|x64.Build.0 = Release|Any CPU
		{76297D9D-73EB-48D7-A74A-A72EFFB78B85}.Ad-Hoc|x86.ActiveCfg = Release|Any CPU
		{76297D9D-73EB-48D7-A74A-A72EFFB78B85}.Ad-Hoc|x86.Build.0 = Release|Any CPU
		{76297D9D-73EB-48D7-A74A-A72EFFB78B85}.AppStore|Any CPU.ActiveCfg = Release|Any CPU
		{76297D9D-73EB-48D7-A74A-A72EFFB78B85}.AppStore|Any CPU.Build.0 = Release|Any CPU
		{76297D9D-73EB-48D7-A74A-A72EFFB78B85}.AppStore|ARM.ActiveCfg = Release|Any CPU
		{76297D9D-73EB-48D7-A74A-A72EFFB78B85}.AppStore|ARM.Build.0 = Release|Any CPU
		{76297D9D-73EB-48D7-A74A-A72EFFB78B85}.AppStore|ARM64.ActiveCfg = Release|Any CPU
		{76297D9D-73EB-48D7-A74A-A72EFFB78B85}.AppStore|ARM64.Build.0 = Release|Any CPU
		{76297D9D-73EB-48D7-A74A-A72EFFB78B85}.AppStore|iPhone.ActiveCfg = Release|Any CPU
		{76297D9D-73EB-48D7-A74A-A72EFFB78B85}.AppStore|iPhone.Build.0 = Release|Any CPU
		{76297D9D-73EB-48D7-A74A-A72EFFB78B85}.AppStore|iPhoneSimulator.ActiveCfg = Release|Any CPU
		{76297D9D-73EB-48D7-A74A-A72EFFB78B85}.AppStore|iPhoneSimulator.Build.0 = Release|Any CPU
		{76297D9D-73EB-48D7-A74A-A72EFFB78B85}.AppStore|x64.ActiveCfg = Release|Any CPU
		{76297D9D-73EB-48D7-A74A-A72EFFB78B85}.AppStore|x64.Build.0 = Release|Any CPU
		{76297D9D-73EB-48D7-A74A-A72EFFB78B85}.AppStore|x86.ActiveCfg = Release|Any CPU
		{76297D9D-73EB-48D7-A74A-A72EFFB78B85}.AppStore|x86.Build.0 = Release|Any CPU
		{76297D9D-73EB-48D7-A74A-A72EFFB78B85}.Debug|Any CPU.ActiveCfg = Debug|Any CPU
		{76297D9D-73EB-48D7-A74A-A72EFFB78B85}.Debug|Any CPU.Build.0 = Debug|Any CPU
		{76297D9D-73EB-48D7-A74A-A72EFFB78B85}.Debug|ARM.ActiveCfg = Debug|Any CPU
		{76297D9D-73EB-48D7-A74A-A72EFFB78B85}.Debug|ARM.Build.0 = Debug|Any CPU
		{76297D9D-73EB-48D7-A74A-A72EFFB78B85}.Debug|ARM64.ActiveCfg = Debug|Any CPU
		{76297D9D-73EB-48D7-A74A-A72EFFB78B85}.Debug|ARM64.Build.0 = Debug|Any CPU
		{76297D9D-73EB-48D7-A74A-A72EFFB78B85}.Debug|iPhone.ActiveCfg = Debug|Any CPU
		{76297D9D-73EB-48D7-A74A-A72EFFB78B85}.Debug|iPhone.Build.0 = Debug|Any CPU
		{76297D9D-73EB-48D7-A74A-A72EFFB78B85}.Debug|iPhoneSimulator.ActiveCfg = Debug|Any CPU
		{76297D9D-73EB-48D7-A74A-A72EFFB78B85}.Debug|iPhoneSimulator.Build.0 = Debug|Any CPU
		{76297D9D-73EB-48D7-A74A-A72EFFB78B85}.Debug|x64.ActiveCfg = Debug|Any CPU
		{76297D9D-73EB-48D7-A74A-A72EFFB78B85}.Debug|x64.Build.0 = Debug|Any CPU
		{76297D9D-73EB-48D7-A74A-A72EFFB78B85}.Debug|x86.ActiveCfg = Debug|Any CPU
		{76297D9D-73EB-48D7-A74A-A72EFFB78B85}.Debug|x86.Build.0 = Debug|Any CPU
		{76297D9D-73EB-48D7-A74A-A72EFFB78B85}.Release|Any CPU.ActiveCfg = Release|Any CPU
		{76297D9D-73EB-48D7-A74A-A72EFFB78B85}.Release|Any CPU.Build.0 = Release|Any CPU
		{76297D9D-73EB-48D7-A74A-A72EFFB78B85}.Release|ARM.ActiveCfg = Release|Any CPU
		{76297D9D-73EB-48D7-A74A-A72EFFB78B85}.Release|ARM.Build.0 = Release|Any CPU
		{76297D9D-73EB-48D7-A74A-A72EFFB78B85}.Release|ARM64.ActiveCfg = Release|Any CPU
		{76297D9D-73EB-48D7-A74A-A72EFFB78B85}.Release|ARM64.Build.0 = Release|Any CPU
		{76297D9D-73EB-48D7-A74A-A72EFFB78B85}.Release|iPhone.ActiveCfg = Release|Any CPU
		{76297D9D-73EB-48D7-A74A-A72EFFB78B85}.Release|iPhone.Build.0 = Release|Any CPU
		{76297D9D-73EB-48D7-A74A-A72EFFB78B85}.Release|iPhoneSimulator.ActiveCfg = Release|Any CPU
		{76297D9D-73EB-48D7-A74A-A72EFFB78B85}.Release|iPhoneSimulator.Build.0 = Release|Any CPU
		{76297D9D-73EB-48D7-A74A-A72EFFB78B85}.Release|x64.ActiveCfg = Release|Any CPU
		{76297D9D-73EB-48D7-A74A-A72EFFB78B85}.Release|x64.Build.0 = Release|Any CPU
		{76297D9D-73EB-48D7-A74A-A72EFFB78B85}.Release|x86.ActiveCfg = Release|Any CPU
		{76297D9D-73EB-48D7-A74A-A72EFFB78B85}.Release|x86.Build.0 = Release|Any CPU
	EndGlobalSection
	GlobalSection(SolutionProperties) = preSolution
		HideSolutionNode = FALSE
	EndGlobalSection
EndGlobal
